
Microsoft Visual Studio Solution File, Format Version 12.00
# Visual Studio 15
VisualStudioVersion = 15.0.26124.0
MinimumVisualStudioVersion = 15.0.26124.0
Project("{FAE04EC0-301F-11D3-BF4B-00C04F79EFBC}") = "Pomodoro.Core.Domain", "src\Pomodoro.Core.Domain\Pomodoro.Core.Domain.csproj", "{AE2662B4-46AF-4811-A6B7-8EDD8049DA43}"
EndProject
Project("{FAE04EC0-301F-11D3-BF4B-00C04F79EFBC}") = "Pomodoro.Domain", "src\Pomodoro.Domain\Pomodoro.Domain.csproj", "{70E7516A-C705-4AE5-9666-502526C73796}"
EndProject
Project("{FAE04EC0-301F-11D3-BF4B-00C04F79EFBC}") = "Pomodoro.Test", "tests\Pomodoro.Test\Pomodoro.Test.csproj", "{E5E5E528-1366-492B-83C8-B37BFAC78ED7}"
EndProject
Project("{FAE04EC0-301F-11D3-BF4B-00C04F79EFBC}") = "Pomodoro.Timer", "src\Pomodoro.Timer\Pomodoro.Timer.csproj", "{04A151A3-C189-4C6D-AF0B-B97F09EB6EB1}"
EndProject
Global
	GlobalSection(SolutionConfigurationPlatforms) = preSolution
		Debug|Any CPU = Debug|Any CPU
		Debug|x64 = Debug|x64
		Debug|x86 = Debug|x86
		Release|Any CPU = Release|Any CPU
		Release|x64 = Release|x64
		Release|x86 = Release|x86
	EndGlobalSection
	GlobalSection(SolutionProperties) = preSolution
		HideSolutionNode = FALSE
	EndGlobalSection
	GlobalSection(ProjectConfigurationPlatforms) = postSolution
		{AE2662B4-46AF-4811-A6B7-8EDD8049DA43}.Debug|Any CPU.ActiveCfg = Debug|Any CPU
		{AE2662B4-46AF-4811-A6B7-8EDD8049DA43}.Debug|Any CPU.Build.0 = Debug|Any CPU
		{AE2662B4-46AF-4811-A6B7-8EDD8049DA43}.Debug|x64.ActiveCfg = Debug|x64
		{AE2662B4-46AF-4811-A6B7-8EDD8049DA43}.Debug|x64.Build.0 = Debug|x64
		{AE2662B4-46AF-4811-A6B7-8EDD8049DA43}.Debug|x86.ActiveCfg = Debug|x86
		{AE2662B4-46AF-4811-A6B7-8EDD8049DA43}.Debug|x86.Build.0 = Debug|x86
		{AE2662B4-46AF-4811-A6B7-8EDD8049DA43}.Release|Any CPU.ActiveCfg = Release|Any CPU
		{AE2662B4-46AF-4811-A6B7-8EDD8049DA43}.Release|Any CPU.Build.0 = Release|Any CPU
		{AE2662B4-46AF-4811-A6B7-8EDD8049DA43}.Release|x64.ActiveCfg = Release|x64
		{AE2662B4-46AF-4811-A6B7-8EDD8049DA43}.Release|x64.Build.0 = Release|x64
		{AE2662B4-46AF-4811-A6B7-8EDD8049DA43}.Release|x86.ActiveCfg = Release|x86
		{AE2662B4-46AF-4811-A6B7-8EDD8049DA43}.Release|x86.Build.0 = Release|x86
		{70E7516A-C705-4AE5-9666-502526C73796}.Debug|Any CPU.ActiveCfg = Debug|Any CPU
		{70E7516A-C705-4AE5-9666-502526C73796}.Debug|Any CPU.Build.0 = Debug|Any CPU
		{70E7516A-C705-4AE5-9666-502526C73796}.Debug|x64.ActiveCfg = Debug|x64
		{70E7516A-C705-4AE5-9666-502526C73796}.Debug|x64.Build.0 = Debug|x64
		{70E7516A-C705-4AE5-9666-502526C73796}.Debug|x86.ActiveCfg = Debug|x86
		{70E7516A-C705-4AE5-9666-502526C73796}.Debug|x86.Build.0 = Debug|x86
		{70E7516A-C705-4AE5-9666-502526C73796}.Release|Any CPU.ActiveCfg = Release|Any CPU
		{70E7516A-C705-4AE5-9666-502526C73796}.Release|Any CPU.Build.0 = Release|Any CPU
		{70E7516A-C705-4AE5-9666-502526C73796}.Release|x64.ActiveCfg = Release|x64
		{70E7516A-C705-4AE5-9666-502526C73796}.Release|x64.Build.0 = Release|x64
		{70E7516A-C705-4AE5-9666-502526C73796}.Release|x86.ActiveCfg = Release|x86
		{70E7516A-C705-4AE5-9666-502526C73796}.Release|x86.Build.0 = Release|x86
		{E5E5E528-1366-492B-83C8-B37BFAC78ED7}.Debug|Any CPU.ActiveCfg = Debug|Any CPU
		{E5E5E528-1366-492B-83C8-B37BFAC78ED7}.Debug|Any CPU.Build.0 = Debug|Any CPU
		{E5E5E528-1366-492B-83C8-B37BFAC78ED7}.Debug|x64.ActiveCfg = Debug|x64
		{E5E5E528-1366-492B-83C8-B37BFAC78ED7}.Debug|x64.Build.0 = Debug|x64
		{E5E5E528-1366-492B-83C8-B37BFAC78ED7}.Debug|x86.ActiveCfg = Debug|x86
		{E5E5E528-1366-492B-83C8-B37BFAC78ED7}.Debug|x86.Build.0 = Debug|x86
		{E5E5E528-1366-492B-83C8-B37BFAC78ED7}.Release|Any CPU.ActiveCfg = Release|Any CPU
		{E5E5E528-1366-492B-83C8-B37BFAC78ED7}.Release|Any CPU.Build.0 = Release|Any CPU
		{E5E5E528-1366-492B-83C8-B37BFAC78ED7}.Release|x64.ActiveCfg = Release|x64
		{E5E5E528-1366-492B-83C8-B37BFAC78ED7}.Release|x64.Build.0 = Release|x64
		{E5E5E528-1366-492B-83C8-B37BFAC78ED7}.Release|x86.ActiveCfg = Release|x86
		{E5E5E528-1366-492B-83C8-B37BFAC78ED7}.Release|x86.Build.0 = Release|x86
		{04A151A3-C189-4C6D-AF0B-B97F09EB6EB1}.Debug|Any CPU.ActiveCfg = Debug|Any CPU
		{04A151A3-C189-4C6D-AF0B-B97F09EB6EB1}.Debug|Any CPU.Build.0 = Debug|Any CPU
		{04A151A3-C189-4C6D-AF0B-B97F09EB6EB1}.Debug|x64.ActiveCfg = Debug|x64
		{04A151A3-C189-4C6D-AF0B-B97F09EB6EB1}.Debug|x64.Build.0 = Debug|x64
		{04A151A3-C189-4C6D-AF0B-B97F09EB6EB1}.Debug|x86.ActiveCfg = Debug|x86
		{04A151A3-C189-4C6D-AF0B-B97F09EB6EB1}.Debug|x86.Build.0 = Debug|x86
		{04A151A3-C189-4C6D-AF0B-B97F09EB6EB1}.Release|Any CPU.ActiveCfg = Release|Any CPU
		{04A151A3-C189-4C6D-AF0B-B97F09EB6EB1}.Release|Any CPU.Build.0 = Release|Any CPU
		{04A151A3-C189-4C6D-AF0B-B97F09EB6EB1}.Release|x64.ActiveCfg = Release|x64
		{04A151A3-C189-4C6D-AF0B-B97F09EB6EB1}.Release|x64.Build.0 = Release|x64
		{04A151A3-C189-4C6D-AF0B-B97F09EB6EB1}.Release|x86.ActiveCfg = Release|x86
		{04A151A3-C189-4C6D-AF0B-B97F09EB6EB1}.Release|x86.Build.0 = Release|x86
	EndGlobalSection
EndGlobal
